
Microsoft Visual Studio Solution File, Format Version 12.00
# Visual Studio Version 17
VisualStudioVersion = 17.0.31903.59
MinimumVisualStudioVersion = 10.0.40219.1
Project("{2150E333-8FDC-42A3-9474-1A3956D46DE8}") = "Solotion Items", "Solotion Items", "{D5A8A1A5-2339-43BA-9A0F-EE46FFC2E801}"
	ProjectSection(SolutionItems) = preProject
		.gitignore = .gitignore
	EndProjectSection
EndProject
Project("{FAE04EC0-301F-11D3-BF4B-00C04F79EFBC}") = "KnowledgeBase.Core", "KnowledgeBase.Core\KnowledgeBase.Core.csproj", "{41DBEB57-D144-4536-8B96-51C42262DC84}"
EndProject
Project("{FAE04EC0-301F-11D3-BF4B-00C04F79EFBC}") = "KnowledgeBase.WebAPI", "KnowledgeBase.WebAPI\KnowledgeBase.WebAPI.csproj", "{7B5CE959-238F-428F-BF0C-1AAF18119B5E}"
Project("{FAE04EC0-301F-11D3-BF4B-00C04F79EFBC}") = "KnowledgeBase.Model", "KnowledgeBase.Model\KnowledgeBase.Model.csproj", "{BF3A8D77-89EB-401A-9070-12C55B40AE31}"
EndProject
Project("{FAE04EC0-301F-11D3-BF4B-00C04F79EFBC}") = "KnowledgeBase.Core.Test", "KnowledgeBase.Core.Test\KnowledgeBase.Core.Test.csproj", "{98800D0E-BB78-4FEB-9659-A7D03FFFF39B}"
EndProject
Global
	GlobalSection(SolutionConfigurationPlatforms) = preSolution
		Debug|Any CPU = Debug|Any CPU
		Release|Any CPU = Release|Any CPU
	EndGlobalSection
	GlobalSection(SolutionProperties) = preSolution
		HideSolutionNode = FALSE
	EndGlobalSection
	GlobalSection(ProjectConfigurationPlatforms) = postSolution
		{41DBEB57-D144-4536-8B96-51C42262DC84}.Debug|Any CPU.ActiveCfg = Debug|Any CPU
		{41DBEB57-D144-4536-8B96-51C42262DC84}.Debug|Any CPU.Build.0 = Debug|Any CPU
		{41DBEB57-D144-4536-8B96-51C42262DC84}.Release|Any CPU.ActiveCfg = Release|Any CPU
		{41DBEB57-D144-4536-8B96-51C42262DC84}.Release|Any CPU.Build.0 = Release|Any CPU
		{7B5CE959-238F-428F-BF0C-1AAF18119B5E}.Debug|Any CPU.ActiveCfg = Debug|Any CPU
		{7B5CE959-238F-428F-BF0C-1AAF18119B5E}.Debug|Any CPU.Build.0 = Debug|Any CPU
		{7B5CE959-238F-428F-BF0C-1AAF18119B5E}.Release|Any CPU.ActiveCfg = Release|Any CPU
		{7B5CE959-238F-428F-BF0C-1AAF18119B5E}.Release|Any CPU.Build.0 = Release|Any CPU
		{BF3A8D77-89EB-401A-9070-12C55B40AE31}.Debug|Any CPU.ActiveCfg = Debug|Any CPU
		{BF3A8D77-89EB-401A-9070-12C55B40AE31}.Debug|Any CPU.Build.0 = Debug|Any CPU
		{BF3A8D77-89EB-401A-9070-12C55B40AE31}.Release|Any CPU.ActiveCfg = Release|Any CPU
		{BF3A8D77-89EB-401A-9070-12C55B40AE31}.Release|Any CPU.Build.0 = Release|Any CPU
		{98800D0E-BB78-4FEB-9659-A7D03FFFF39B}.Debug|Any CPU.ActiveCfg = Debug|Any CPU
		{98800D0E-BB78-4FEB-9659-A7D03FFFF39B}.Debug|Any CPU.Build.0 = Debug|Any CPU
		{98800D0E-BB78-4FEB-9659-A7D03FFFF39B}.Release|Any CPU.ActiveCfg = Release|Any CPU
		{98800D0E-BB78-4FEB-9659-A7D03FFFF39B}.Release|Any CPU.Build.0 = Release|Any CPU
	EndGlobalSection
EndGlobal
